
Microsoft Visual Studio Solution File, Format Version 12.00
# Visual Studio Version 17
VisualStudioVersion = 17.2.32526.322
MinimumVisualStudioVersion = 10.0.40219.1
Project("{FAE04EC0-301F-11D3-BF4B-00C04F79EFBC}") = "OnlineShoppingApp", "OnlineShoppingApp\OnlineShoppingApp.csproj", "{A261D763-0A76-461A-BED1-63F277828638}"
EndProject
Global
	GlobalSection(SolutionConfigurationPlatforms) = preSolution
		Debug|Any CPU = Debug|Any CPU
		Release|Any CPU = Release|Any CPU
	EndGlobalSection
	GlobalSection(ProjectConfigurationPlatforms) = postSolution
		{A261D763-0A76-461A-BED1-63F277828638}.Debug|Any CPU.ActiveCfg = Debug|Any CPU
		{A261D763-0A76-461A-BED1-63F277828638}.Debug|Any CPU.Build.0 = Debug|Any CPU
		{A261D763-0A76-461A-BED1-63F277828638}.Release|Any CPU.ActiveCfg = Release|Any CPU
		{A261D763-0A76-461A-BED1-63F277828638}.Release|Any CPU.Build.0 = Release|Any CPU
	EndGlobalSection
	GlobalSection(SolutionProperties) = preSolution
		HideSolutionNode = FALSE
	EndGlobalSection
	GlobalSection(ExtensibilityGlobals) = postSolution
		SolutionGuid = {CE040A93-BB45-463A-B6D6-C363F2D916DF}
	EndGlobalSection
EndGlobal
